
Microsoft Visual Studio Solution File, Format Version 12.00
# Visual Studio 15
VisualStudioVersion = 15.0.27428.2037
MinimumVisualStudioVersion = 10.0.40219.1
Project("{9A19103F-16F7-4668-BE54-9A1E7A4F7556}") = "Origins.API", "Origins.API\Origins.API.csproj", "{F43E7B46-2629-46F7-BB32-41B0ADEA2FEA}"
EndProject
Project("{FAE04EC0-301F-11D3-BF4B-00C04F79EFBC}") = "Origins.API.Tests", "Origins.API.Tests\Origins.API.Tests.csproj", "{8441268C-62C6-47FB-998F-C4518417F99A}"
EndProject
Global
	GlobalSection(SolutionConfigurationPlatforms) = preSolution
		Debug|Any CPU = Debug|Any CPU
		Release|Any CPU = Release|Any CPU
	EndGlobalSection
	GlobalSection(ProjectConfigurationPlatforms) = postSolution
		{F43E7B46-2629-46F7-BB32-41B0ADEA2FEA}.Debug|Any CPU.ActiveCfg = Debug|Any CPU
		{F43E7B46-2629-46F7-BB32-41B0ADEA2FEA}.Debug|Any CPU.Build.0 = Debug|Any CPU
		{F43E7B46-2629-46F7-BB32-41B0ADEA2FEA}.Release|Any CPU.ActiveCfg = Release|Any CPU
		{F43E7B46-2629-46F7-BB32-41B0ADEA2FEA}.Release|Any CPU.Build.0 = Release|Any CPU
		{8441268C-62C6-47FB-998F-C4518417F99A}.Debug|Any CPU.ActiveCfg = Debug|Any CPU
		{8441268C-62C6-47FB-998F-C4518417F99A}.Debug|Any CPU.Build.0 = Debug|Any CPU
		{8441268C-62C6-47FB-998F-C4518417F99A}.Release|Any CPU.ActiveCfg = Release|Any CPU
		{8441268C-62C6-47FB-998F-C4518417F99A}.Release|Any CPU.Build.0 = Release|Any CPU
	EndGlobalSection
	GlobalSection(SolutionProperties) = preSolution
		HideSolutionNode = FALSE
	EndGlobalSection
	GlobalSection(ExtensibilityGlobals) = postSolution
		SolutionGuid = {61C2F1B6-A71C-40C8-81F9-EB6D2B82E825}
	EndGlobalSection
EndGlobal
